dependencies:
- name: cp-helm-charts
  repository: https://confluentinc.github.io/cp-helm-charts/
  version: 0.6.1
- name: kafka
  repository: https://charts.bitnami.com/bitnami
  version: 14.1.0
- name: elasticsearch
  repository: https://charts.bitnami.com/bitnami
  version: 17.0.3
digest: sha256:0318a76cd3f451188afe15a43d01af055458e3d72b4f5631721fecfc07c9f043
generated: "2021-09-14T17:36:08.244229+05:30"
