dependencies:
- name: cp-helm-charts
  repository: https://confluentinc.github.io/cp-helm-charts/
  version: 0.6.1
- name: kafka
  repository: https://charts.bitnami.com/bitnami
  version: 14.1.0
digest: sha256:2ba7922073fdb17483148956e5c0c2fdc2ccea9d071c11ffb0b6888f6c3afbcb
generated: "2021-09-13T06:09:13.409516+05:30"
